// !$*UTF8*$!
{
	archiveVersion = 1;
	classes = {
	};
	objectVersion = 55;
	objects = {

/* Begin PBXBuildFile section */
		1217DB96286F67E600281687 /* AppDelegate.swift in Sources */ = {isa = PBXBuildFile; fileRef = 1217DB95286F67E600281687 /* AppDelegate.swift */; };
		1217DB98286F67E600281687 /* SceneDelegate.swift in Sources */ = {isa = PBXBuildFile; fileRef = 1217DB97286F67E600281687 /* SceneDelegate.swift */; };
		1217DB9A286F67E600281687 /* ViewController.swift in Sources */ = {isa = PBXBuildFile; fileRef = 1217DB99286F67E600281687 /* ViewController.swift */; };
		1217DB9D286F67E600281687 /* Main.storyboard in Resources */ = {isa = PBXBuildFile; fileRef = 1217DB9B286F67E600281687 /* Main.storyboard */; };
		1217DB9F286F67EA00281687 /* Assets.xcassets in Resources */ = {isa = PBXBuildFile; fileRef = 1217DB9E286F67EA00281687 /* Assets.xcassets */; };
		1217DBA2286F67EA00281687 /* LaunchScreen.storyboard in Resources */ = {isa = PBXBuildFile; fileRef = 1217DBA0286F67EA00281687 /* LaunchScreen.storyboard */; };
		1217DBAB286F698D00281687 /* Factory.swift in Sources */ = {isa = PBXBuildFile; fileRef = 1217DBAA286F698D00281687 /* Factory.swift */; };
		1217DBB3286F6B1200281687 /* CharacterPresenter.swift in Sources */ = {isa = PBXBuildFile; fileRef = 1217DBB2286F6B1200281687 /* CharacterPresenter.swift */; };
		1217DBB6286F6B2B00281687 /* CharacterViewController.swift in Sources */ = {isa = PBXBuildFile; fileRef = 1217DBB5286F6B2B00281687 /* CharacterViewController.swift */; };
		1217DBB9286F6BC300281687 /* CharacterModel.swift in Sources */ = {isa = PBXBuildFile; fileRef = 1217DBB8286F6BC300281687 /* CharacterModel.swift */; };
		1217DBBD2870653600281687 /* CharacterViewCell.swift in Sources */ = {isa = PBXBuildFile; fileRef = 1217DBBC2870653500281687 /* CharacterViewCell.swift */; };
		1217DBBF287073B000281687 /* CharacterView.swift in Sources */ = {isa = PBXBuildFile; fileRef = 1217DBBE287073AF00281687 /* CharacterView.swift */; };
		1217DBC128719C4D00281687 /* ContainerWatcheView.swift in Sources */ = {isa = PBXBuildFile; fileRef = 1217DBC028719C4C00281687 /* ContainerWatcheView.swift */; };
		1217DBC52871E58600281687 /* Networck.swift in Sources */ = {isa = PBXBuildFile; fileRef = 1217DBC42871E58600281687 /* Networck.swift */; };
		1217DBC72872F6FD00281687 /* Service.swift in Sources */ = {isa = PBXBuildFile; fileRef = 1217DBC62872F6FD00281687 /* Service.swift */; };
		1217DBC92872FE8D00281687 /* Endpoint.swift in Sources */ = {isa = PBXBuildFile; fileRef = 1217DBC82872FE8D00281687 /* Endpoint.swift */; };
		12218C66288A74A600306722 /* StatusViewContainer.swift in Sources */ = {isa = PBXBuildFile; fileRef = 12218C65288A74A600306722 /* StatusViewContainer.swift */; };
/* End PBXBuildFile section */

/* Begin PBXFileReference section */
		1217DB92286F67E600281687 /* Characters.app */ = {isa = PBXFileReference; explicitFileType = wrapper.application; includeInIndex = 0; path = Characters.app; sourceTree = BUILT_PRODUCTS_DIR; };
		1217DB95286F67E600281687 /* AppDelegate.swift */ = {isa = PBXFileReference; lastKnownFileType = sourcecode.swift; path = AppDelegate.swift; sourceTree = "<group>"; };
		1217DB97286F67E600281687 /* SceneDelegate.swift */ = {isa = PBXFileReference; lastKnownFileType = sourcecode.swift; path = SceneDelegate.swift; sourceTree = "<group>"; };
		1217DB99286F67E600281687 /* ViewController.swift */ = {isa = PBXFileReference; lastKnownFileType = sourcecode.swift; path = ViewController.swift; sourceTree = "<group>"; };
		1217DB9C286F67E600281687 /* Base */ = {isa = PBXFileReference; lastKnownFileType = file.storyboard; name = Base; path = Base.lproj/Main.storyboard; sourceTree = "<group>"; };
		1217DB9E286F67EA00281687 /* Assets.xcassets */ = {isa = PBXFileReference; lastKnownFileType = folder.assetcatalog; path = Assets.xcassets; sourceTree = "<group>"; };
		1217DBA1286F67EA00281687 /* Base */ = {isa = PBXFileReference; lastKnownFileType = file.storyboard; name = Base; path = Base.lproj/LaunchScreen.storyboard; sourceTree = "<group>"; };
		1217DBA3286F67EA00281687 /* Info.plist */ = {isa = PBXFileReference; lastKnownFileType = text.plist.xml; path = Info.plist; sourceTree = "<group>"; };
		1217DBAA286F698D00281687 /* Factory.swift */ = {isa = PBXFileReference; lastKnownFileType = sourcecode.swift; path = Factory.swift; sourceTree = "<group>"; };
		1217DBB2286F6B1200281687 /* CharacterPresenter.swift */ = {isa = PBXFileReference; lastKnownFileType = sourcecode.swift; path = CharacterPresenter.swift; sourceTree = "<group>"; };
		1217DBB5286F6B2B00281687 /* CharacterViewController.swift */ = {isa = PBXFileReference; lastKnownFileType = sourcecode.swift; path = CharacterViewController.swift; sourceTree = "<group>"; };
		1217DBB8286F6BC300281687 /* CharacterModel.swift */ = {isa = PBXFileReference; lastKnownFileType = sourcecode.swift; path = CharacterModel.swift; sourceTree = "<group>"; };
		1217DBBC2870653500281687 /* CharacterViewCell.swift */ = {isa = PBXFileReference; lastKnownFileType = sourcecode.swift; path = CharacterViewCell.swift; sourceTree = "<group>"; };
		1217DBBE287073AF00281687 /* CharacterView.swift */ = {isa = PBXFileReference; lastKnownFileType = sourcecode.swift; path = CharacterView.swift; sourceTree = "<group>"; };
		1217DBC028719C4C00281687 /* ContainerWatcheView.swift */ = {isa = PBXFileReference; lastKnownFileType = sourcecode.swift; path = ContainerWatcheView.swift; sourceTree = "<group>"; };
		1217DBC42871E58600281687 /* Networck.swift */ = {isa = PBXFileReference; lastKnownFileType = sourcecode.swift; path = Networck.swift; sourceTree = "<group>"; };
		1217DBC62872F6FD00281687 /* Service.swift */ = {isa = PBXFileReference; lastKnownFileType = sourcecode.swift; path = Service.swift; sourceTree = "<group>"; };
		1217DBC82872FE8D00281687 /* Endpoint.swift */ = {isa = PBXFileReference; lastKnownFileType = sourcecode.swift; path = Endpoint.swift; sourceTree = "<group>"; };
		12218C65288A74A600306722 /* StatusViewContainer.swift */ = {isa = PBXFileReference; lastKnownFileType = sourcecode.swift; path = StatusViewContainer.swift; sourceTree = "<group>"; };
/* End PBXFileReference section */

/* Begin PBXFrameworksBuildPhase section */
		1217DB8F286F67E600281687 /* Frameworks */ = {
			isa = PBXFrameworksBuildPhase;
			buildActionMask = 2147483647;
			files = (
			);
			runOnlyForDeploymentPostprocessing = 0;
		};
/* End PBXFrameworksBuildPhase section */

/* Begin PBXGroup section */
		1217DB89286F67E600281687 = {
			isa = PBXGroup;
			children = (
				1217DB94286F67E600281687 /* Characters */,
				1217DB93286F67E600281687 /* Products */,
			);
			sourceTree = "<group>";
		};
		1217DB93286F67E600281687 /* Products */ = {
			isa = PBXGroup;
			children = (
				1217DB92286F67E600281687 /* Characters.app */,
			);
			name = Products;
			sourceTree = "<group>";
		};
		1217DB94286F67E600281687 /* Characters */ = {
			isa = PBXGroup;
			children = (
				1217DBC22871DCF700281687 /* Layar */,
				1217DBAC286F6A1800281687 /* UI */,
				1217DBA9286F680000281687 /* App */,
				1217DB9B286F67E600281687 /* Main.storyboard */,
				1217DB9E286F67EA00281687 /* Assets.xcassets */,
				1217DBA0286F67EA00281687 /* LaunchScreen.storyboard */,
				1217DBA3286F67EA00281687 /* Info.plist */,
			);
			path = Characters;
			sourceTree = "<group>";
		};
		1217DBA9286F680000281687 /* App */ = {
			isa = PBXGroup;
			children = (
				1217DB95286F67E600281687 /* AppDelegate.swift */,
				1217DB97286F67E600281687 /* SceneDelegate.swift */,
				1217DB99286F67E600281687 /* ViewController.swift */,
				1217DBAA286F698D00281687 /* Factory.swift */,
			);
			path = App;
			sourceTree = "<group>";
		};
		1217DBAC286F6A1800281687 /* UI */ = {
			isa = PBXGroup;
			children = (
				1217DBAF286F6AE300281687 /* Character */,
			);
			path = UI;
			sourceTree = "<group>";
		};
		1217DBAF286F6AE300281687 /* Character */ = {
			isa = PBXGroup;
			children = (
				1217DBB7286F6BAC00281687 /* Model */,
				1217DBB1286F6AFE00281687 /* View */,
				1217DBB0286F6AEC00281687 /* Presenter */,
			);
			path = Character;
			sourceTree = "<group>";
		};
		1217DBB0286F6AEC00281687 /* Presenter */ = {
			isa = PBXGroup;
			children = (
				1217DBB2286F6B1200281687 /* CharacterPresenter.swift */,
			);
			path = Presenter;
			sourceTree = "<group>";
		};
		1217DBB1286F6AFE00281687 /* View */ = {
			isa = PBXGroup;
			children = (
				1217DBB5286F6B2B00281687 /* CharacterViewController.swift */,
				12218C65288A74A600306722 /* StatusViewContainer.swift */,
				1217DBBC2870653500281687 /* CharacterViewCell.swift */,
				1217DBC028719C4C00281687 /* ContainerWatcheView.swift */,
				1217DBBE287073AF00281687 /* CharacterView.swift */,
			);
			path = View;
			sourceTree = "<group>";
		};
		1217DBB7286F6BAC00281687 /* Model */ = {
			isa = PBXGroup;
			children = (
				1217DBB8286F6BC300281687 /* CharacterModel.swift */,
			);
			path = Model;
			sourceTree = "<group>";
		};
		1217DBC22871DCF700281687 /* Layar */ = {
			isa = PBXGroup;
			children = (
				1217DBC32871DD1800281687 /* Networck */,
			);
			path = Layar;
			sourceTree = "<group>";
		};
		1217DBC32871DD1800281687 /* Networck */ = {
			isa = PBXGroup;
			children = (
				1217DBC42871E58600281687 /* Networck.swift */,
				1217DBC62872F6FD00281687 /* Service.swift */,
				1217DBC82872FE8D00281687 /* Endpoint.swift */,
			);
			path = Networck;
			sourceTree = "<group>";
		};
/* End PBXGroup section */

/* Begin PBXNativeTarget section */
		1217DB91286F67E600281687 /* Characters */ = {
			isa = PBXNativeTarget;
			buildConfigurationList = 1217DBA6286F67EA00281687 /* Build configuration list for PBXNativeTarget "Characters" */;
			buildPhases = (
				1217DB8E286F67E600281687 /* Sources */,
				1217DB8F286F67E600281687 /* Frameworks */,
				1217DB90286F67E600281687 /* Resources */,
			);
			buildRules = (
			);
			dependencies = (
			);
			name = Characters;
			productName = Characters;
			productReference = 1217DB92286F67E600281687 /* Characters.app */;
			productType = "com.apple.product-type.application";
		};
/* End PBXNativeTarget section */

/* Begin PBXProject section */
		1217DB8A286F67E600281687 /* Project object */ = {
			isa = PBXProject;
			attributes = {
				BuildIndependentTargetsInParallel = 1;
				LastSwiftUpdateCheck = 1320;
				LastUpgradeCheck = 1320;
				TargetAttributes = {
					1217DB91286F67E600281687 = {
						CreatedOnToolsVersion = 13.2.1;
					};
				};
			};
			buildConfigurationList = 1217DB8D286F67E600281687 /* Build configuration list for PBXProject "Characters" */;
			compatibilityVersion = "Xcode 13.0";
			developmentRegion = en;
			hasScannedForEncodings = 0;
			knownRegions = (
				en,
				Base,
			);
			mainGroup = 1217DB89286F67E600281687;
			productRefGroup = 1217DB93286F67E600281687 /* Products */;
			projectDirPath = "";
			projectRoot = "";
			targets = (
				1217DB91286F67E600281687 /* Characters */,
			);
		};
/* End PBXProject section */

/* Begin PBXResourcesBuildPhase section */
		1217DB90286F67E600281687 /* Resources */ = {
			isa = PBXResourcesBuildPhase;
			buildActionMask = 2147483647;
			files = (
				1217DBA2286F67EA00281687 /* LaunchScreen.storyboard in Resources */,
				1217DB9F286F67EA00281687 /* Assets.xcassets in Resources */,
				1217DB9D286F67E600281687 /* Main.storyboard in Resources */,
			);
			runOnlyForDeploymentPostprocessing = 0;
		};
/* End PBXResourcesBuildPhase section */

/* Begin PBXSourcesBuildPhase section */
		1217DB8E286F67E600281687 /* Sources */ = {
			isa = PBXSourcesBuildPhase;
			buildActionMask = 2147483647;
			files = (
				1217DBB6286F6B2B00281687 /* CharacterViewController.swift in Sources */,
				1217DBAB286F698D00281687 /* Factory.swift in Sources */,
				1217DBBD2870653600281687 /* CharacterViewCell.swift in Sources */,
				1217DBC92872FE8D00281687 /* Endpoint.swift in Sources */,
				12218C66288A74A600306722 /* StatusViewContainer.swift in Sources */,
				1217DBB3286F6B1200281687 /* CharacterPresenter.swift in Sources */,
				1217DB9A286F67E600281687 /* ViewController.swift in Sources */,
				1217DBC72872F6FD00281687 /* Service.swift in Sources */,
				1217DB96286F67E600281687 /* AppDelegate.swift in Sources */,
				1217DBC52871E58600281687 /* Networck.swift in Sources */,
				1217DBBF287073B000281687 /* CharacterView.swift in Sources */,
				1217DBB9286F6BC300281687 /* CharacterModel.swift in Sources */,
				1217DBC128719C4D00281687 /* ContainerWatcheView.swift in Sources */,
				1217DB98286F67E600281687 /* SceneDelegate.swift in Sources */,
			);
			runOnlyForDeploymentPostprocessing = 0;
		};
/* End PBXSourcesBuildPhase section */

/* Begin PBXVariantGroup section */
		1217DB9B286F67E600281687 /* Main.storyboard */ = {
			isa = PBXVariantGroup;
			children = (
				1217DB9C286F67E600281687 /* Base */,
			);
			name = Main.storyboard;
			sourceTree = "<group>";
		};
		1217DBA0286F67EA00281687 /* LaunchScreen.storyboard */ = {
			isa = PBXVariantGroup;
			children = (
				1217DBA1286F67EA00281687 /* Base */,
			);
			name = LaunchScreen.storyboard;
			sourceTree = "<group>";
		};
/* End PBXVariantGroup section */

/* Begin XCBuildConfiguration section */
		1217DBA4286F67EA00281687 /* Debug */ = {
			isa = XCBuildConfiguration;
			buildSettings = {
				ALWAYS_SEARCH_USER_PATHS = NO;
				CLANG_ANALYZER_NONNULL = YES;
				CLANG_ANALYZER_NUMBER_OBJECT_CONVERSION = YES_AGGRESSIVE;
				CLANG_CXX_LANGUAGE_STANDARD = "gnu++17";
				CLANG_CXX_LIBRARY = "libc++";
				CLANG_ENABLE_MODULES = YES;
				CLANG_ENABLE_OBJC_ARC = YES;
				CLANG_ENABLE_OBJC_WEAK = YES;
				CLANG_WARN_BLOCK_CAPTURE_AUTORELEASING = YES;
				CLANG_WARN_BOOL_CONVERSION = YES;
				CLANG_WARN_COMMA = YES;
				CLANG_WARN_CONSTANT_CONVERSION = YES;
				CLANG_WARN_DEPRECATED_OBJC_IMPLEMENTATIONS = YES;
				CLANG_WARN_DIRECT_OBJC_ISA_USAGE = YES_ERROR;
				CLANG_WARN_DOCUMENTATION_COMMENTS = YES;
				CLANG_WARN_EMPTY_BODY = YES;
				CLANG_WARN_ENUM_CONVERSION = YES;
				CLANG_WARN_INFINITE_RECURSION = YES;
				CLANG_WARN_INT_CONVERSION = YES;
				CLANG_WARN_NON_LITERAL_NULL_CONVERSION = YES;
				CLANG_WARN_OBJC_IMPLICIT_RETAIN_SELF = YES;
				CLANG_WARN_OBJC_LITERAL_CONVERSION = YES;
				CLANG_WARN_OBJC_ROOT_CLASS = YES_ERROR;
				CLANG_WARN_QUOTED_INCLUDE_IN_FRAMEWORK_HEADER = YES;
				CLANG_WARN_RANGE_LOOP_ANALYSIS = YES;
				CLANG_WARN_STRICT_PROTOTYPES = YES;
				CLANG_WARN_SUSPICIOUS_MOVE = YES;
				CLANG_WARN_UNGUARDED_AVAILABILITY = YES_AGGRESSIVE;
				CLANG_WARN_UNREACHABLE_CODE = YES;
				CLANG_WARN__DUPLICATE_METHOD_MATCH = YES;
				COPY_PHASE_STRIP = NO;
				DEBUG_INFORMATION_FORMAT = dwarf;
				ENABLE_STRICT_OBJC_MSGSEND = YES;
				ENABLE_TESTABILITY = YES;
				GCC_C_LANGUAGE_STANDARD = gnu11;
				GCC_DYNAMIC_NO_PIC = NO;
				GCC_NO_COMMON_BLOCKS = YES;
				GCC_OPTIMIZATION_LEVEL = 0;
				GCC_PREPROCESSOR_DEFINITIONS = (
					"DEBUG=1",
					"$(inherited)",
				);
				GCC_WARN_64_TO_32_BIT_CONVERSION = YES;
				GCC_WARN_ABOUT_RETURN_TYPE = YES_ERROR;
				GCC_WARN_UNDECLARED_SELECTOR = YES;
				GCC_WARN_UNINITIALIZED_AUTOS = YES_AGGRESSIVE;
				GCC_WARN_UNUSED_FUNCTION = YES;
				GCC_WARN_UNUSED_VARIABLE = YES;
				IPHONEOS_DEPLOYMENT_TARGET = 15.2;
				MTL_ENABLE_DEBUG_INFO = INCLUDE_SOURCE;
				MTL_FAST_MATH = YES;
				ONLY_ACTIVE_ARCH = YES;
				SDKROOT = iphoneos;
				SWIFT_ACTIVE_COMPILATION_CONDITIONS = DEBUG;
				SWIFT_OPTIMIZATION_LEVEL = "-Onone";
			};
			name = Debug;
		};
		1217DBA5286F67EA00281687 /* Release */ = {
			isa = XCBuildConfiguration;
			buildSettings = {
				ALWAYS_SEARCH_USER_PATHS = NO;
				CLANG_ANALYZER_NONNULL = YES;
				CLANG_ANALYZER_NUMBER_OBJECT_CONVERSION = YES_AGGRESSIVE;
				CLANG_CXX_LANGUAGE_STANDARD = "gnu++17";
				CLANG_CXX_LIBRARY = "libc++";
				CLANG_ENABLE_MODULES = YES;
				CLANG_ENABLE_OBJC_ARC = YES;
				CLANG_ENABLE_OBJC_WEAK = YES;
				CLANG_WARN_BLOCK_CAPTURE_AUTORELEASING = YES;
				CLANG_WARN_BOOL_CONVERSION = YES;
				CLANG_WARN_COMMA = YES;
				CLANG_WARN_CONSTANT_CONVERSION = YES;
				CLANG_WARN_DEPRECATED_OBJC_IMPLEMENTATIONS = YES;
				CLANG_WARN_DIRECT_OBJC_ISA_USAGE = YES_ERROR;
				CLANG_WARN_DOCUMENTATION_COMMENTS = YES;
				CLANG_WARN_EMPTY_BODY = YES;
				CLANG_WARN_ENUM_CONVERSION = YES;
				CLANG_WARN_INFINITE_RECURSION = YES;
				CLANG_WARN_INT_CONVERSION = YES;
				CLANG_WARN_NON_LITERAL_NULL_CONVERSION = YES;
				CLANG_WARN_OBJC_IMPLICIT_RETAIN_SELF = YES;
				CLANG_WARN_OBJC_LITERAL_CONVERSION = YES;
				CLANG_WARN_OBJC_ROOT_CLASS = YES_ERROR;
				CLANG_WARN_QUOTED_INCLUDE_IN_FRAMEWORK_HEADER = YES;
				CLANG_WARN_RANGE_LOOP_ANALYSIS = YES;
				CLANG_WARN_STRICT_PROTOTYPES = YES;
				CLANG_WARN_SUSPICIOUS_MOVE = YES;
				CLANG_WARN_UNGUARDED_AVAILABILITY = YES_AGGRESSIVE;
				CLANG_WARN_UNREACHABLE_CODE = YES;
				CLANG_WARN__DUPLICATE_METHOD_MATCH = YES;
				COPY_PHASE_STRIP = NO;
				DEBUG_INFORMATION_FORMAT = "dwarf-with-dsym";
				ENABLE_NS_ASSERTIONS = NO;
				ENABLE_STRICT_OBJC_MSGSEND = YES;
				GCC_C_LANGUAGE_STANDARD = gnu11;
				GCC_NO_COMMON_BLOCKS = YES;
				GCC_WARN_64_TO_32_BIT_CONVERSION = YES;
				GCC_WARN_ABOUT_RETURN_TYPE = YES_ERROR;
				GCC_WARN_UNDECLARED_SELECTOR = YES;
				GCC_WARN_UNINITIALIZED_AUTOS = YES_AGGRESSIVE;
				GCC_WARN_UNUSED_FUNCTION = YES;
				GCC_WARN_UNUSED_VARIABLE = YES;
				IPHONEOS_DEPLOYMENT_TARGET = 15.2;
				MTL_ENABLE_DEBUG_INFO = NO;
				MTL_FAST_MATH = YES;
				SDKROOT = iphoneos;
				SWIFT_COMPILATION_MODE = wholemodule;
				SWIFT_OPTIMIZATION_LEVEL = "-O";
				VALIDATE_PRODUCT = YES;
			};
			name = Release;
		};
		1217DBA7286F67EA00281687 /* Debug */ = {
			isa = XCBuildConfiguration;
			buildSettings = {
				ASSETCATALOG_COMPILER_APPICON_NAME = AppIcon;
				ASSETCATALOG_COMPILER_GLOBAL_ACCENT_COLOR_NAME = AccentColor;
				CODE_SIGN_STYLE = Automatic;
				CURRENT_PROJECT_VERSION = 1;
				GENERATE_INFOPLIST_FILE = YES;
				INFOPLIST_FILE = Characters/Info.plist;
				INFOPLIST_KEY_UIApplicationSupportsIndirectInputEvents = YES;
				INFOPLIST_KEY_UILaunchStoryboardName = LaunchScreen;
				INFOPLIST_KEY_UISupportedInterfaceOrientations_iPad = "UIInterfaceOrientationPortrait UIInterfaceOrientationPortraitUpsideDown UIInterfaceOrientationLandscapeLeft UIInterfaceOrientationLandscapeRight";
				INFOPLIST_KEY_UISupportedInterfaceOrientations_iPhone = "UIInterfaceOrientationPortrait UIInterfaceOrientationLandscapeLeft UIInterfaceOrientationLandscapeRight";
				LD_RUNPATH_SEARCH_PATHS = (
					"$(inherited)",
					"@executable_path/Frameworks",
				);
				MARKETING_VERSION = 1.0;
				PRODUCT_BUNDLE_IDENTIFIER = test.Characters;
				PRODUCT_NAME = "$(TARGET_NAME)";
				SWIFT_EMIT_LOC_STRINGS = YES;
				SWIFT_VERSION = 5.0;
				TARGETED_DEVICE_FAMILY = "1,2";
			};
			name = Debug;
		};
		1217DBA8286F67EA00281687 /* Release */ = {
			isa = XCBuildConfiguration;
			buildSettings = {
				ASSETCATALOG_COMPILER_APPICON_NAME = AppIcon;
				ASSETCATALOG_COMPILER_GLOBAL_ACCENT_COLOR_NAME = AccentColor;
				CODE_SIGN_STYLE = Automatic;
				CURRENT_PROJECT_VERSION = 1;
				GENERATE_INFOPLIST_FILE = YES;
				INFOPLIST_FILE = Characters/Info.plist;
				INFOPLIST_KEY_UIApplicationSupportsIndirectInputEvents = YES;
				INFOPLIST_KEY_UILaunchStoryboardName = LaunchScreen;
				INFOPLIST_KEY_UISupportedInterfaceOrientations_iPad = "UIInterfaceOrientationPortrait UIInterfaceOrientationPortraitUpsideDown UIInterfaceOrientationLandscapeLeft UIInterfaceOrientationLandscapeRight";
				INFOPLIST_KEY_UISupportedInterfaceOrientations_iPhone = "UIInterfaceOrientationPortrait UIInterfaceOrientationLandscapeLeft UIInterfaceOrientationLandscapeRight";
				LD_RUNPATH_SEARCH_PATHS = (
					"$(inherited)",
					"@executable_path/Frameworks",
				);
				MARKETING_VERSION = 1.0;
				PRODUCT_BUNDLE_IDENTIFIER = test.Characters;
				PRODUCT_NAME = "$(TARGET_NAME)";
				SWIFT_EMIT_LOC_STRINGS = YES;
				SWIFT_VERSION = 5.0;
				TARGETED_DEVICE_FAMILY = "1,2";
			};
			name = Release;
		};
/* End XCBuildConfiguration section */

/* Begin XCConfigurationList section */
		1217DB8D286F67E600281687 /* Build configuration list for PBXProject "Characters" */ = {
			isa = XCConfigurationList;
			buildConfigurations = (
				1217DBA4286F67EA00281687 /* Debug */,
				1217DBA5286F67EA00281687 /* Release */,
			);
			defaultConfigurationIsVisible = 0;
			defaultConfigurationName = Release;
		};
		1217DBA6286F67EA00281687 /* Build configuration list for PBXNativeTarget "Characters" */ = {
			isa = XCConfigurationList;
			buildConfigurations = (
				1217DBA7286F67EA00281687 /* Debug */,
				1217DBA8286F67EA00281687 /* Release */,
			);
			defaultConfigurationIsVisible = 0;
			defaultConfigurationName = Release;
		};
/* End XCConfigurationList section */
	};
	rootObject = 1217DB8A286F67E600281687 /* Project object */;
}
